
Microsoft Visual Studio Solution File, Format Version 12.00
# Visual Studio Version 17
VisualStudioVersion = 17.10.34928.147
MinimumVisualStudioVersion = 10.0.40219.1
Project("{FAE04EC0-301F-11D3-BF4B-00C04F79EFBC}") = "Shoes", "Shoes\Shoes.csproj", "{58B55F9A-C25D-4FFD-915F-9EA0FCF0F13E}"
EndProject
Global
	GlobalSection(SolutionConfigurationPlatforms) = preSolution
		Debug|Any CPU = Debug|Any CPU
		Release|Any CPU = Release|Any CPU
	EndGlobalSection
	GlobalSection(ProjectConfigurationPlatforms) = postSolution
		{58B55F9A-C25D-4FFD-915F-9EA0FCF0F13E}.Debug|Any CPU.ActiveCfg = Debug|Any CPU
		{58B55F9A-C25D-4FFD-915F-9EA0FCF0F13E}.Debug|Any CPU.Build.0 = Debug|Any CPU
		{58B55F9A-C25D-4FFD-915F-9EA0FCF0F13E}.Release|Any CPU.ActiveCfg = Release|Any CPU
		{58B55F9A-C25D-4FFD-915F-9EA0FCF0F13E}.Release|Any CPU.Build.0 = Release|Any CPU
	EndGlobalSection
	GlobalSection(SolutionProperties) = preSolution
		HideSolutionNode = FALSE
	EndGlobalSection
	GlobalSection(ExtensibilityGlobals) = postSolution
		SolutionGuid = {F97C7E24-B091-4F45-BB7A-140E53B011F8}
	EndGlobalSection
EndGlobal
